
Microsoft Visual Studio Solution File, Format Version 12.00
# Visual Studio Version 17
VisualStudioVersion = 17.4.33122.133
MinimumVisualStudioVersion = 10.0.40219.1
Project("{9A19103F-16F7-4668-BE54-9A1E7A4F7556}") = "Holonet.Jedi.Academy.App", "Holonet.Jedi.Academy.App\Holonet.Jedi.Academy.App.csproj", "{8C297794-163B-4AC8-93C4-E8AB7D3F08D3}"
EndProject
Project("{9A19103F-16F7-4668-BE54-9A1E7A4F7556}") = "Holonet.Jedi.Academy.BL", "Holonet.Jedi.Academy.BL\Holonet.Jedi.Academy.BL.csproj", "{0A59D21E-0667-4DD4-A379-C7D853277F30}"
EndProject
Project("{9A19103F-16F7-4668-BE54-9A1E7A4F7556}") = "Holonet.Jedi.Academy.Entities", "Holonet.Jedi.Academy.Entities\Holonet.Jedi.Academy.Entities.csproj", "{B28CE941-3217-42B9-B80B-553D93D80306}"
EndProject
Project("{FAE04EC0-301F-11D3-BF4B-00C04F79EFBC}") = "Holonet.Jedi.Academy.Api", "Holonet.Jedi.Academy.Api\Holonet.Jedi.Academy.Api.csproj", "{32FCF55D-0969-4371-B232-3F3AB291EF8C}"
EndProject
Global
	GlobalSection(SolutionConfigurationPlatforms) = preSolution
		Debug|Any CPU = Debug|Any CPU
		Release|Any CPU = Release|Any CPU
	EndGlobalSection
	GlobalSection(ProjectConfigurationPlatforms) = postSolution
		{8C297794-163B-4AC8-93C4-E8AB7D3F08D3}.Debug|Any CPU.ActiveCfg = Debug|Any CPU
		{8C297794-163B-4AC8-93C4-E8AB7D3F08D3}.Debug|Any CPU.Build.0 = Debug|Any CPU
		{8C297794-163B-4AC8-93C4-E8AB7D3F08D3}.Release|Any CPU.ActiveCfg = Release|Any CPU
		{8C297794-163B-4AC8-93C4-E8AB7D3F08D3}.Release|Any CPU.Build.0 = Release|Any CPU
		{0A59D21E-0667-4DD4-A379-C7D853277F30}.Debug|Any CPU.ActiveCfg = Debug|Any CPU
		{0A59D21E-0667-4DD4-A379-C7D853277F30}.Debug|Any CPU.Build.0 = Debug|Any CPU
		{0A59D21E-0667-4DD4-A379-C7D853277F30}.Release|Any CPU.ActiveCfg = Release|Any CPU
		{0A59D21E-0667-4DD4-A379-C7D853277F30}.Release|Any CPU.Build.0 = Release|Any CPU
		{B28CE941-3217-42B9-B80B-553D93D80306}.Debug|Any CPU.ActiveCfg = Debug|Any CPU
		{B28CE941-3217-42B9-B80B-553D93D80306}.Debug|Any CPU.Build.0 = Debug|Any CPU
		{B28CE941-3217-42B9-B80B-553D93D80306}.Release|Any CPU.ActiveCfg = Release|Any CPU
		{B28CE941-3217-42B9-B80B-553D93D80306}.Release|Any CPU.Build.0 = Release|Any CPU
		{32FCF55D-0969-4371-B232-3F3AB291EF8C}.Debug|Any CPU.ActiveCfg = Debug|Any CPU
		{32FCF55D-0969-4371-B232-3F3AB291EF8C}.Debug|Any CPU.Build.0 = Debug|Any CPU
		{32FCF55D-0969-4371-B232-3F3AB291EF8C}.Release|Any CPU.ActiveCfg = Release|Any CPU
		{32FCF55D-0969-4371-B232-3F3AB291EF8C}.Release|Any CPU.Build.0 = Release|Any CPU
	EndGlobalSection
	GlobalSection(SolutionProperties) = preSolution
		HideSolutionNode = FALSE
	EndGlobalSection
	GlobalSection(ExtensibilityGlobals) = postSolution
		SolutionGuid = {CE87E7D0-B9C1-4BE8-A4D4-5AC2EAE53483}
	EndGlobalSection
EndGlobal
